
Microsoft Visual Studio Solution File, Format Version 12.00
# Visual Studio Version 16
VisualStudioVersion = 16.0.29728.190
MinimumVisualStudioVersion = 10.0.40219.1
Project("{9A19103F-16F7-4668-BE54-9A1E7A4F7556}") = "WhatToDo", "WhatToDo\WhatToDo.csproj", "{B694BE60-91ED-4B3F-9F4D-D153F37B20FB}"
EndProject
Project("{9A19103F-16F7-4668-BE54-9A1E7A4F7556}") = "RestBackendTest", "RestBackendTest\RestBackendTest.csproj", "{B34B0EEF-6499-4ADA-8E13-181C47F1CE90}"
EndProject
Project("{9A19103F-16F7-4668-BE54-9A1E7A4F7556}") = "RestApi", "RestApi\RestApi.csproj", "{A542F62A-B2CE-42A8-9318-2943F6E2E2B2}"
EndProject
Project("{9A19103F-16F7-4668-BE54-9A1E7A4F7556}") = "SeleniumTest", "SeleniumTest\SeleniumTest.csproj", "{85ACB3F4-5E4F-4ADE-A9A6-E5A7F69C319A}"
EndProject
Project("{FAE04EC0-301F-11D3-BF4B-00C04F79EFBC}") = "UDPreciever", "UDPreciever\UDPreciever.csproj", "{E9AB292D-1B48-4606-8F7D-014FEA65F98F}"
Project("{FAE04EC0-301F-11D3-BF4B-00C04F79EFBC}") = "Sensor", "Sensor\Sensor.csproj", "{56D67271-32A9-4090-8AFC-8762EFB546A8}"
EndProject
Global
	GlobalSection(SolutionConfigurationPlatforms) = preSolution
		Debug|Any CPU = Debug|Any CPU
		Release|Any CPU = Release|Any CPU
	EndGlobalSection
	GlobalSection(ProjectConfigurationPlatforms) = postSolution
		{B694BE60-91ED-4B3F-9F4D-D153F37B20FB}.Debug|Any CPU.ActiveCfg = Debug|Any CPU
		{B694BE60-91ED-4B3F-9F4D-D153F37B20FB}.Debug|Any CPU.Build.0 = Debug|Any CPU
		{B694BE60-91ED-4B3F-9F4D-D153F37B20FB}.Release|Any CPU.ActiveCfg = Release|Any CPU
		{B694BE60-91ED-4B3F-9F4D-D153F37B20FB}.Release|Any CPU.Build.0 = Release|Any CPU
		{B34B0EEF-6499-4ADA-8E13-181C47F1CE90}.Debug|Any CPU.ActiveCfg = Debug|Any CPU
		{B34B0EEF-6499-4ADA-8E13-181C47F1CE90}.Debug|Any CPU.Build.0 = Debug|Any CPU
		{B34B0EEF-6499-4ADA-8E13-181C47F1CE90}.Release|Any CPU.ActiveCfg = Release|Any CPU
		{B34B0EEF-6499-4ADA-8E13-181C47F1CE90}.Release|Any CPU.Build.0 = Release|Any CPU
		{A542F62A-B2CE-42A8-9318-2943F6E2E2B2}.Debug|Any CPU.ActiveCfg = Debug|Any CPU
		{A542F62A-B2CE-42A8-9318-2943F6E2E2B2}.Debug|Any CPU.Build.0 = Debug|Any CPU
		{A542F62A-B2CE-42A8-9318-2943F6E2E2B2}.Release|Any CPU.ActiveCfg = Release|Any CPU
		{A542F62A-B2CE-42A8-9318-2943F6E2E2B2}.Release|Any CPU.Build.0 = Release|Any CPU
		{85ACB3F4-5E4F-4ADE-A9A6-E5A7F69C319A}.Debug|Any CPU.ActiveCfg = Debug|Any CPU
		{85ACB3F4-5E4F-4ADE-A9A6-E5A7F69C319A}.Debug|Any CPU.Build.0 = Debug|Any CPU
		{85ACB3F4-5E4F-4ADE-A9A6-E5A7F69C319A}.Release|Any CPU.ActiveCfg = Release|Any CPU
		{85ACB3F4-5E4F-4ADE-A9A6-E5A7F69C319A}.Release|Any CPU.Build.0 = Release|Any CPU
		{E9AB292D-1B48-4606-8F7D-014FEA65F98F}.Debug|Any CPU.ActiveCfg = Debug|Any CPU
		{E9AB292D-1B48-4606-8F7D-014FEA65F98F}.Debug|Any CPU.Build.0 = Debug|Any CPU
		{E9AB292D-1B48-4606-8F7D-014FEA65F98F}.Release|Any CPU.ActiveCfg = Release|Any CPU
		{E9AB292D-1B48-4606-8F7D-014FEA65F98F}.Release|Any CPU.Build.0 = Release|Any CPU
	EndGlobalSection
	GlobalSection(SolutionProperties) = preSolution
		HideSolutionNode = FALSE
	EndGlobalSection
	GlobalSection(ExtensibilityGlobals) = postSolution
		SolutionGuid = {12CEFAD1-CC40-4FD4-AD7D-F2BFE1E49D9B}
	EndGlobalSection
EndGlobal
